PODS:
  - Flutter (1.0.0)
  - flutter_live_chat_plugin (0.0.1):
    - Flutter
    - LiveChatFlutterNew (~> 2.0.21)
  - integration_test (0.0.1):
    - Flutter
  - LiveChatFlutterNew (2.0.21)

DEPENDENCIES:
  - Flutter (from `Flutter`)
  - flutter_live_chat_plugin (from `.symlinks/plugins/flutter_live_chat_plugin/ios`)
  - integration_test (from `.symlinks/plugins/integration_test/ios`)

SPEC REPOS:
  trunk:
    - LiveChatFlutterNew

EXTERNAL SOURCES:
  Flutter:
    :path: Flutter
  flutter_live_chat_plugin:
    :path: ".symlinks/plugins/flutter_live_chat_plugin/ios"
  integration_test:
    :path: ".symlinks/plugins/integration_test/ios"

SPEC CHECKSUMS:
  Flutter: 434fef37c0980e73bb6479ef766c45957d4b510c
  flutter_live_chat_plugin: 1d57e30d9181f162a43450fff890437fdadb124c
  integration_test: 5ed24a436eb7ec17b6a13046e9bf7ca4a404e59e
  LiveChatFlutterNew: 2c2c8bbd8d557db832524ed556bf4dbc57376909

PODFILE CHECKSUM: aafe91acc616949ddb318b77800a7f51bffa2a4c

COCOAPODS: 1.11.2
